
Microsoft Visual Studio Solution File, Format Version 12.00
# Visual Studio 15
VisualStudioVersion = 15.0.28016.0
MinimumVisualStudioVersion = 10.0.40219.1
Project("{FAE04EC0-301F-11D3-BF4B-00C04F79EFBC}") = "Project D", "Project D\Project D.csproj", "{50DFA0BB-DCCF-4A9F-9CE8-AC8F3352F790}"
EndProject
Project("{9A19103F-16F7-4668-BE54-9A1E7A4F7556}") = "Test", "Test\Test.csproj", "{24AE167A-A89A-4835-AD33-F54C40D0CA6C}"
EndProject
Project("{FAE04EC0-301F-11D3-BF4B-00C04F79EFBC}") = "UnitTestProject1", "UnitTestProject1\UnitTestProject1.csproj", "{DC1E0C8B-A8A0-4858-9BCF-4CE2E06172A3}"
EndProject
Global
	GlobalSection(SolutionConfigurationPlatforms) = preSolution
		Debug|Any CPU = Debug|Any CPU
		Debug|ARM = Debug|ARM
		Debug|ARM64 = Debug|ARM64
		Debug|x64 = Debug|x64
		Debug|x86 = Debug|x86
		Release|Any CPU = Release|Any CPU
		Release|ARM = Release|ARM
		Release|ARM64 = Release|ARM64
		Release|x64 = Release|x64
		Release|x86 = Release|x86
	EndGlobalSection
	GlobalSection(ProjectConfigurationPlatforms) = postSolution
		{50DFA0BB-DCCF-4A9F-9CE8-AC8F3352F790}.Debug|Any CPU.ActiveCfg = Debug|x86
		{50DFA0BB-DCCF-4A9F-9CE8-AC8F3352F790}.Debug|ARM.ActiveCfg = Debug|ARM
		{50DFA0BB-DCCF-4A9F-9CE8-AC8F3352F790}.Debug|ARM.Build.0 = Debug|ARM
		{50DFA0BB-DCCF-4A9F-9CE8-AC8F3352F790}.Debug|ARM.Deploy.0 = Debug|ARM
		{50DFA0BB-DCCF-4A9F-9CE8-AC8F3352F790}.Debug|ARM64.ActiveCfg = Debug|ARM64
		{50DFA0BB-DCCF-4A9F-9CE8-AC8F3352F790}.Debug|ARM64.Build.0 = Debug|ARM64
		{50DFA0BB-DCCF-4A9F-9CE8-AC8F3352F790}.Debug|ARM64.Deploy.0 = Debug|ARM64
		{50DFA0BB-DCCF-4A9F-9CE8-AC8F3352F790}.Debug|x64.ActiveCfg = Debug|x64
		{50DFA0BB-DCCF-4A9F-9CE8-AC8F3352F790}.Debug|x64.Build.0 = Debug|x64
		{50DFA0BB-DCCF-4A9F-9CE8-AC8F3352F790}.Debug|x64.Deploy.0 = Debug|x64
		{50DFA0BB-DCCF-4A9F-9CE8-AC8F3352F790}.Debug|x86.ActiveCfg = Debug|x86
		{50DFA0BB-DCCF-4A9F-9CE8-AC8F3352F790}.Debug|x86.Build.0 = Debug|x86
		{50DFA0BB-DCCF-4A9F-9CE8-AC8F3352F790}.Debug|x86.Deploy.0 = Debug|x86
		{50DFA0BB-DCCF-4A9F-9CE8-AC8F3352F790}.Release|Any CPU.ActiveCfg = Release|x86
		{50DFA0BB-DCCF-4A9F-9CE8-AC8F3352F790}.Release|ARM.ActiveCfg = Release|ARM
		{50DFA0BB-DCCF-4A9F-9CE8-AC8F3352F790}.Release|ARM.Build.0 = Release|ARM
		{50DFA0BB-DCCF-4A9F-9CE8-AC8F3352F790}.Release|ARM.Deploy.0 = Release|ARM
		{50DFA0BB-DCCF-4A9F-9CE8-AC8F3352F790}.Release|ARM64.ActiveCfg = Release|ARM64
		{50DFA0BB-DCCF-4A9F-9CE8-AC8F3352F790}.Release|ARM64.Build.0 = Release|ARM64
		{50DFA0BB-DCCF-4A9F-9CE8-AC8F3352F790}.Release|ARM64.Deploy.0 = Release|ARM64
		{50DFA0BB-DCCF-4A9F-9CE8-AC8F3352F790}.Release|x64.ActiveCfg = Release|x64
		{50DFA0BB-DCCF-4A9F-9CE8-AC8F3352F790}.Release|x64.Build.0 = Release|x64
		{50DFA0BB-DCCF-4A9F-9CE8-AC8F3352F790}.Release|x64.Deploy.0 = Release|x64
		{50DFA0BB-DCCF-4A9F-9CE8-AC8F3352F790}.Release|x86.ActiveCfg = Release|x86
		{50DFA0BB-DCCF-4A9F-9CE8-AC8F3352F790}.Release|x86.Build.0 = Release|x86
		{50DFA0BB-DCCF-4A9F-9CE8-AC8F3352F790}.Release|x86.Deploy.0 = Release|x86
		{24AE167A-A89A-4835-AD33-F54C40D0CA6C}.Debug|Any CPU.ActiveCfg = Debug|Any CPU
		{24AE167A-A89A-4835-AD33-F54C40D0CA6C}.Debug|Any CPU.Build.0 = Debug|Any CPU
		{24AE167A-A89A-4835-AD33-F54C40D0CA6C}.Debug|ARM.ActiveCfg = Debug|Any CPU
		{24AE167A-A89A-4835-AD33-F54C40D0CA6C}.Debug|ARM.Build.0 = Debug|Any CPU
		{24AE167A-A89A-4835-AD33-F54C40D0CA6C}.Debug|ARM64.ActiveCfg = Debug|Any CPU
		{24AE167A-A89A-4835-AD33-F54C40D0CA6C}.Debug|ARM64.Build.0 = Debug|Any CPU
		{24AE167A-A89A-4835-AD33-F54C40D0CA6C}.Debug|x64.ActiveCfg = Debug|Any CPU
		{24AE167A-A89A-4835-AD33-F54C40D0CA6C}.Debug|x64.Build.0 = Debug|Any CPU
		{24AE167A-A89A-4835-AD33-F54C40D0CA6C}.Debug|x86.ActiveCfg = Debug|Any CPU
		{24AE167A-A89A-4835-AD33-F54C40D0CA6C}.Debug|x86.Build.0 = Debug|Any CPU
		{24AE167A-A89A-4835-AD33-F54C40D0CA6C}.Release|Any CPU.ActiveCfg = Release|Any CPU
		{24AE167A-A89A-4835-AD33-F54C40D0CA6C}.Release|Any CPU.Build.0 = Release|Any CPU
		{24AE167A-A89A-4835-AD33-F54C40D0CA6C}.Release|ARM.ActiveCfg = Release|Any CPU
		{24AE167A-A89A-4835-AD33-F54C40D0CA6C}.Release|ARM.Build.0 = Release|Any CPU
		{24AE167A-A89A-4835-AD33-F54C40D0CA6C}.Release|ARM64.ActiveCfg = Release|Any CPU
		{24AE167A-A89A-4835-AD33-F54C40D0CA6C}.Release|ARM64.Build.0 = Release|Any CPU
		{24AE167A-A89A-4835-AD33-F54C40D0CA6C}.Release|x64.ActiveCfg = Release|Any CPU
		{24AE167A-A89A-4835-AD33-F54C40D0CA6C}.Release|x64.Build.0 = Release|Any CPU
		{24AE167A-A89A-4835-AD33-F54C40D0CA6C}.Release|x86.ActiveCfg = Release|Any CPU
		{24AE167A-A89A-4835-AD33-F54C40D0CA6C}.Release|x86.Build.0 = Release|Any CPU
		{DC1E0C8B-A8A0-4858-9BCF-4CE2E06172A3}.Debug|Any CPU.ActiveCfg = Debug|x86
		{DC1E0C8B-A8A0-4858-9BCF-4CE2E06172A3}.Debug|ARM.ActiveCfg = Debug|ARM
		{DC1E0C8B-A8A0-4858-9BCF-4CE2E06172A3}.Debug|ARM.Build.0 = Debug|ARM
		{DC1E0C8B-A8A0-4858-9BCF-4CE2E06172A3}.Debug|ARM.Deploy.0 = Debug|ARM
		{DC1E0C8B-A8A0-4858-9BCF-4CE2E06172A3}.Debug|ARM64.ActiveCfg = Debug|x86
		{DC1E0C8B-A8A0-4858-9BCF-4CE2E06172A3}.Debug|x64.ActiveCfg = Debug|x64
		{DC1E0C8B-A8A0-4858-9BCF-4CE2E06172A3}.Debug|x64.Build.0 = Debug|x64
		{DC1E0C8B-A8A0-4858-9BCF-4CE2E06172A3}.Debug|x64.Deploy.0 = Debug|x64
		{DC1E0C8B-A8A0-4858-9BCF-4CE2E06172A3}.Debug|x86.ActiveCfg = Debug|x86
		{DC1E0C8B-A8A0-4858-9BCF-4CE2E06172A3}.Debug|x86.Build.0 = Debug|x86
		{DC1E0C8B-A8A0-4858-9BCF-4CE2E06172A3}.Debug|x86.Deploy.0 = Debug|x86
		{DC1E0C8B-A8A0-4858-9BCF-4CE2E06172A3}.Release|Any CPU.ActiveCfg = Release|x86
		{DC1E0C8B-A8A0-4858-9BCF-4CE2E06172A3}.Release|ARM.ActiveCfg = Release|ARM
		{DC1E0C8B-A8A0-4858-9BCF-4CE2E06172A3}.Release|ARM.Build.0 = Release|ARM
		{DC1E0C8B-A8A0-4858-9BCF-4CE2E06172A3}.Release|ARM.Deploy.0 = Release|ARM
		{DC1E0C8B-A8A0-4858-9BCF-4CE2E06172A3}.Release|ARM64.ActiveCfg = Release|x86
		{DC1E0C8B-A8A0-4858-9BCF-4CE2E06172A3}.Release|x64.ActiveCfg = Release|x64
		{DC1E0C8B-A8A0-4858-9BCF-4CE2E06172A3}.Release|x64.Build.0 = Release|x64
		{DC1E0C8B-A8A0-4858-9BCF-4CE2E06172A3}.Release|x64.Deploy.0 = Release|x64
		{DC1E0C8B-A8A0-4858-9BCF-4CE2E06172A3}.Release|x86.ActiveCfg = Release|x86
		{DC1E0C8B-A8A0-4858-9BCF-4CE2E06172A3}.Release|x86.Build.0 = Release|x86
		{DC1E0C8B-A8A0-4858-9BCF-4CE2E06172A3}.Release|x86.Deploy.0 = Release|x86
	EndGlobalSection
	GlobalSection(SolutionProperties) = preSolution
		HideSolutionNode = FALSE
	EndGlobalSection
	GlobalSection(ExtensibilityGlobals) = postSolution
		SolutionGuid = {19C595D5-40CD-4467-B08C-4FB8A3088C73}
	EndGlobalSection
EndGlobal
