
Microsoft Visual Studio Solution File, Format Version 12.00
# Visual Studio 15
VisualStudioVersion = 15.0.28016.0
MinimumVisualStudioVersion = 10.0.40219.1
Project("{FAE04EC0-301F-11D3-BF4B-00C04F79EFBC}") = "Project D", "Project D\Project D.csproj", "{50DFA0BB-DCCF-4A9F-9CE8-AC8F3352F790}"
EndProject
Global
	GlobalSection(SolutionConfigurationPlatforms) = preSolution
		Debug|ARM = Debug|ARM
		Debug|ARM64 = Debug|ARM64
		Debug|x64 = Debug|x64
		Debug|x86 = Debug|x86
		Release|ARM = Release|ARM
		Release|ARM64 = Release|ARM64
		Release|x64 = Release|x64
		Release|x86 = Release|x86
	EndGlobalSection
	GlobalSection(ProjectConfigurationPlatforms) = postSolution
		{50DFA0BB-DCCF-4A9F-9CE8-AC8F3352F790}.Debug|ARM.ActiveCfg = Debug|ARM
		{50DFA0BB-DCCF-4A9F-9CE8-AC8F3352F790}.Debug|ARM.Build.0 = Debug|ARM
		{50DFA0BB-DCCF-4A9F-9CE8-AC8F3352F790}.Debug|ARM.Deploy.0 = Debug|ARM
		{50DFA0BB-DCCF-4A9F-9CE8-AC8F3352F790}.Debug|ARM64.ActiveCfg = Debug|ARM64
		{50DFA0BB-DCCF-4A9F-9CE8-AC8F3352F790}.Debug|ARM64.Build.0 = Debug|ARM64
		{50DFA0BB-DCCF-4A9F-9CE8-AC8F3352F790}.Debug|ARM64.Deploy.0 = Debug|ARM64
		{50DFA0BB-DCCF-4A9F-9CE8-AC8F3352F790}.Debug|x64.ActiveCfg = Debug|x64
		{50DFA0BB-DCCF-4A9F-9CE8-AC8F3352F790}.Debug|x64.Build.0 = Debug|x64
		{50DFA0BB-DCCF-4A9F-9CE8-AC8F3352F790}.Debug|x64.Deploy.0 = Debug|x64
		{50DFA0BB-DCCF-4A9F-9CE8-AC8F3352F790}.Debug|x86.ActiveCfg = Debug|x86
		{50DFA0BB-DCCF-4A9F-9CE8-AC8F3352F790}.Debug|x86.Build.0 = Debug|x86
		{50DFA0BB-DCCF-4A9F-9CE8-AC8F3352F790}.Debug|x86.Deploy.0 = Debug|x86
		{50DFA0BB-DCCF-4A9F-9CE8-AC8F3352F790}.Release|ARM.ActiveCfg = Release|ARM
		{50DFA0BB-DCCF-4A9F-9CE8-AC8F3352F790}.Release|ARM.Build.0 = Release|ARM
		{50DFA0BB-DCCF-4A9F-9CE8-AC8F3352F790}.Release|ARM.Deploy.0 = Release|ARM
		{50DFA0BB-DCCF-4A9F-9CE8-AC8F3352F790}.Release|ARM64.ActiveCfg = Release|ARM64
		{50DFA0BB-DCCF-4A9F-9CE8-AC8F3352F790}.Release|ARM64.Build.0 = Release|ARM64
		{50DFA0BB-DCCF-4A9F-9CE8-AC8F3352F790}.Release|ARM64.Deploy.0 = Release|ARM64
		{50DFA0BB-DCCF-4A9F-9CE8-AC8F3352F790}.Release|x64.ActiveCfg = Release|x64
		{50DFA0BB-DCCF-4A9F-9CE8-AC8F3352F790}.Release|x64.Build.0 = Release|x64
		{50DFA0BB-DCCF-4A9F-9CE8-AC8F3352F790}.Release|x64.Deploy.0 = Release|x64
		{50DFA0BB-DCCF-4A9F-9CE8-AC8F3352F790}.Release|x86.ActiveCfg = Release|x86
		{50DFA0BB-DCCF-4A9F-9CE8-AC8F3352F790}.Release|x86.Build.0 = Release|x86
		{50DFA0BB-DCCF-4A9F-9CE8-AC8F3352F790}.Release|x86.Deploy.0 = Release|x86
	EndGlobalSection
	GlobalSection(SolutionProperties) = preSolution
		HideSolutionNode = FALSE
	EndGlobalSection
	GlobalSection(ExtensibilityGlobals) = postSolution
		SolutionGuid = {19C595D5-40CD-4467-B08C-4FB8A3088C73}
	EndGlobalSection
EndGlobal
